// !$*UTF8*$!
{
	archiveVersion = 1;
	classes = {
	};
	objectVersion = 50;
	objects = {

/* Begin PBXBuildFile section */
		3CB773E02482092C00FD0C6D /* AppDelegate.swift in Sources */ = {isa = PBXBuildFile; fileRef = 3CB773DF2482092C00FD0C6D /* AppDelegate.swift */; };
		3CB773E22482092C00FD0C6D /* SceneDelegate.swift in Sources */ = {isa = PBXBuildFile; fileRef = 3CB773E12482092C00FD0C6D /* SceneDelegate.swift */; };
		3CB773E42482092C00FD0C6D /* ViewController.swift in Sources */ = {isa = PBXBuildFile; fileRef = 3CB773E32482092C00FD0C6D /* ViewController.swift */; };
		3CB773E72482092C00FD0C6D /* Main.storyboard in Resources */ = {isa = PBXBuildFile; fileRef = 3CB773E52482092C00FD0C6D /* Main.storyboard */; };
		3CB773EA2482092C00FD0C6D /* To_Do_List.xcdatamodeld in Sources */ = {isa = PBXBuildFile; fileRef = 3CB773E82482092C00FD0C6D /* To_Do_List.xcdatamodeld */; };
		3CB773EC2482093800FD0C6D /* Assets.xcassets in Resources */ = {isa = PBXBuildFile; fileRef = 3CB773EB2482093800FD0C6D /* Assets.xcassets */; };
		3CB773EF2482093800FD0C6D /* LaunchScreen.storyboard in Resources */ = {isa = PBXBuildFile; fileRef = 3CB773ED2482093800FD0C6D /* LaunchScreen.storyboard */; };
		3CE971952482160E002A4FA3 /* EntryViewController.swift in Sources */ = {isa = PBXBuildFile; fileRef = 3CE971942482160E002A4FA3 /* EntryViewController.swift */; };
/* End PBXBuildFile section */

/* Begin PBXFileReference section */
		3CB773DC2482092C00FD0C6D /* To-Do-List.app */ = {isa = PBXFileReference; explicitFileType = wrapper.application; includeInIndex = 0; path = "To-Do-List.app"; sourceTree = BUILT_PRODUCTS_DIR; };
		3CB773DF2482092C00FD0C6D /* AppDelegate.swift */ = {isa = PBXFileReference; lastKnownFileType = sourcecode.swift; path = AppDelegate.swift; sourceTree = "<group>"; };
		3CB773E12482092C00FD0C6D /* SceneDelegate.swift */ = {isa = PBXFileReference; lastKnownFileType = sourcecode.swift; path = SceneDelegate.swift; sourceTree = "<group>"; };
		3CB773E32482092C00FD0C6D /* ViewController.swift */ = {isa = PBXFileReference; lastKnownFileType = sourcecode.swift; path = ViewController.swift; sourceTree = "<group>"; };
		3CB773E62482092C00FD0C6D /* Base */ = {isa = PBXFileReference; lastKnownFileType = file.storyboard; name = Base; path = Base.lproj/Main.storyboard; sourceTree = "<group>"; };
		3CB773E92482092C00FD0C6D /* To_Do_List.xcdatamodel */ = {isa = PBXFileReference; lastKnownFileType = wrapper.xcdatamodel; path = To_Do_List.xcdatamodel; sourceTree = "<group>"; };
		3CB773EB2482093800FD0C6D /* Assets.xcassets */ = {isa = PBXFileReference; lastKnownFileType = folder.assetcatalog; path = Assets.xcassets; sourceTree = "<group>"; };
		3CB773EE2482093800FD0C6D /* Base */ = {isa = PBXFileReference; lastKnownFileType = file.storyboard; name = Base; path = Base.lproj/LaunchScreen.storyboard; sourceTree = "<group>"; };
		3CB773F02482093800FD0C6D /* Info.plist */ = {isa = PBXFileReference; lastKnownFileType = text.plist.xml; path = Info.plist; sourceTree = "<group>"; };
		3CE971942482160E002A4FA3 /* EntryViewController.swift */ = {isa = PBXFileReference; lastKnownFileType = sourcecode.swift; path = EntryViewController.swift; sourceTree = "<group>"; };
/* End PBXFileReference section */

/* Begin PBXFrameworksBuildPhase section */
		3CB773D92482092C00FD0C6D /* Frameworks */ = {
			isa = PBXFrameworksBuildPhase;
			buildActionMask = 2147483647;
			files = (
			);
			runOnlyForDeploymentPostprocessing = 0;
		};
/* End PBXFrameworksBuildPhase section */

/* Begin PBXGroup section */
		3CB773D32482092C00FD0C6D = {
			isa = PBXGroup;
			children = (
				3CB773DE2482092C00FD0C6D /* To-Do-List */,
				3CB773DD2482092C00FD0C6D /* Products */,
			);
			sourceTree = "<group>";
		};
		3CB773DD2482092C00FD0C6D /* Products */ = {
			isa = PBXGroup;
			children = (
				3CB773DC2482092C00FD0C6D /* To-Do-List.app */,
			);
			name = Products;
			sourceTree = "<group>";
		};
		3CB773DE2482092C00FD0C6D /* To-Do-List */ = {
			isa = PBXGroup;
			children = (
				3CB773DF2482092C00FD0C6D /* AppDelegate.swift */,
				3CB773E12482092C00FD0C6D /* SceneDelegate.swift */,
				3CB773E32482092C00FD0C6D /* ViewController.swift */,
				3CB773E52482092C00FD0C6D /* Main.storyboard */,
				3CB773EB2482093800FD0C6D /* Assets.xcassets */,
				3CB773ED2482093800FD0C6D /* LaunchScreen.storyboard */,
				3CB773F02482093800FD0C6D /* Info.plist */,
				3CB773E82482092C00FD0C6D /* To_Do_List.xcdatamodeld */,
				3CE971942482160E002A4FA3 /* EntryViewController.swift */,
			);
			path = "To-Do-List";
			sourceTree = "<group>";
		};
/* End PBXGroup section */

/* Begin PBXNativeTarget section */
		3CB773DB2482092C00FD0C6D /* To-Do-List */ = {
			isa = PBXNativeTarget;
			buildConfigurationList = 3CB773F32482093800FD0C6D /* Build configuration list for PBXNativeTarget "To-Do-List" */;
			buildPhases = (
				3CB773D82482092C00FD0C6D /* Sources */,
				3CB773D92482092C00FD0C6D /* Frameworks */,
				3CB773DA2482092C00FD0C6D /* Resources */,
			);
			buildRules = (
			);
			dependencies = (
			);
			name = "To-Do-List";
			productName = "To-Do-List";
			productReference = 3CB773DC2482092C00FD0C6D /* To-Do-List.app */;
			productType = "com.apple.product-type.application";
		};
/* End PBXNativeTarget section */

/* Begin PBXProject section */
		3CB773D42482092C00FD0C6D /* Project object */ = {
			isa = PBXProject;
			attributes = {
				LastSwiftUpdateCheck = 1150;
				LastUpgradeCheck = 1150;
				ORGANIZATIONNAME = "Abby Tse";
				TargetAttributes = {
					3CB773DB2482092C00FD0C6D = {
						CreatedOnToolsVersion = 11.5;
					};
				};
			};
			buildConfigurationList = 3CB773D72482092C00FD0C6D /* Build configuration list for PBXProject "To-Do-List" */;
			compatibilityVersion = "Xcode 9.3";
			developmentRegion = en;
			hasScannedForEncodings = 0;
			knownRegions = (
				en,
				Base,
			);
			mainGroup = 3CB773D32482092C00FD0C6D;
			productRefGroup = 3CB773DD2482092C00FD0C6D /* Products */;
			projectDirPath = "";
			projectRoot = "";
			targets = (
				3CB773DB2482092C00FD0C6D /* To-Do-List */,
			);
		};
/* End PBXProject section */

/* Begin PBXResourcesBuildPhase section */
		3CB773DA2482092C00FD0C6D /* Resources */ = {
			isa = PBXResourcesBuildPhase;
			buildActionMask = 2147483647;
			files = (
				3CB773EF2482093800FD0C6D /* LaunchScreen.storyboard in Resources */,
				3CB773EC2482093800FD0C6D /* Assets.xcassets in Resources */,
				3CB773E72482092C00FD0C6D /* Main.storyboard in Resources */,
			);
			runOnlyForDeploymentPostprocessing = 0;
		};
/* End PBXResourcesBuildPhase section */

/* Begin PBXSourcesBuildPhase section */
		3CB773D82482092C00FD0C6D /* Sources */ = {
			isa = PBXSourcesBuildPhase;
			buildActionMask = 2147483647;
			files = (
				3CB773E42482092C00FD0C6D /* ViewController.swift in Sources */,
				3CB773E02482092C00FD0C6D /* AppDelegate.swift in Sources */,
				3CB773E22482092C00FD0C6D /* SceneDelegate.swift in Sources */,
				3CB773EA2482092C00FD0C6D /* To_Do_List.xcdatamodeld in Sources */,
				3CE971952482160E002A4FA3 /* EntryViewController.swift in Sources */,
			);
			runOnlyForDeploymentPostprocessing = 0;
		};
/* End PBXSourcesBuildPhase section */

/* Begin PBXVariantGroup section */
		3CB773E52482092C00FD0C6D /* Main.storyboard */ = {
			isa = PBXVariantGroup;
			children = (
				3CB773E62482092C00FD0C6D /* Base */,
			);
			name = Main.storyboard;
			sourceTree = "<group>";
		};
		3CB773ED2482093800FD0C6D /* LaunchScreen.storyboard */ = {
			isa = PBXVariantGroup;
			children = (
				3CB773EE2482093800FD0C6D /* Base */,
			);
			name = LaunchScreen.storyboard;
			sourceTree = "<group>";
		};
/* End PBXVariantGroup section */

/* Begin XCBuildConfiguration section */
		3CB773F12482093800FD0C6D /* Debug */ = {
			isa = XCBuildConfiguration;
			buildSettings = {
				ALWAYS_SEARCH_USER_PATHS = NO;
				CLANG_ANALYZER_NONNULL = YES;
				CLANG_ANALYZER_NUMBER_OBJECT_CONVERSION = YES_AGGRESSIVE;
				CLANG_CXX_LANGUAGE_STANDARD = "gnu++14";
				CLANG_CXX_LIBRARY = "libc++";
				CLANG_ENABLE_MODULES = YES;
				CLANG_ENABLE_OBJC_ARC = YES;
				CLANG_ENABLE_OBJC_WEAK = YES;
				CLANG_WARN_BLOCK_CAPTURE_AUTORELEASING = YES;
				CLANG_WARN_BOOL_CONVERSION = YES;
				CLANG_WARN_COMMA = YES;
				CLANG_WARN_CONSTANT_CONVERSION = YES;
				CLANG_WARN_DEPRECATED_OBJC_IMPLEMENTATIONS = YES;
				CLANG_WARN_DIRECT_OBJC_ISA_USAGE = YES_ERROR;
				CLANG_WARN_DOCUMENTATION_COMMENTS = YES;
				CLANG_WARN_EMPTY_BODY = YES;
				CLANG_WARN_ENUM_CONVERSION = YES;
				CLANG_WARN_INFINITE_RECURSION = YES;
				CLANG_WARN_INT_CONVERSION = YES;
				CLANG_WARN_NON_LITERAL_NULL_CONVERSION = YES;
				CLANG_WARN_OBJC_IMPLICIT_RETAIN_SELF = YES;
				CLANG_WARN_OBJC_LITERAL_CONVERSION = YES;
				CLANG_WARN_OBJC_ROOT_CLASS = YES_ERROR;
				CLANG_WARN_RANGE_LOOP_ANALYSIS = YES;
				CLANG_WARN_STRICT_PROTOTYPES = YES;
				CLANG_WARN_SUSPICIOUS_MOVE = YES;
				CLANG_WARN_UNGUARDED_AVAILABILITY = YES_AGGRESSIVE;
				CLANG_WARN_UNREACHABLE_CODE = YES;
				CLANG_WARN__DUPLICATE_METHOD_MATCH = YES;
				COPY_PHASE_STRIP = NO;
				DEBUG_INFORMATION_FORMAT = dwarf;
				ENABLE_STRICT_OBJC_MSGSEND = YES;
				ENABLE_TESTABILITY = YES;
				GCC_C_LANGUAGE_STANDARD = gnu11;
				GCC_DYNAMIC_NO_PIC = NO;
				GCC_NO_COMMON_BLOCKS = YES;
				GCC_OPTIMIZATION_LEVEL = 0;
				GCC_PREPROCESSOR_DEFINITIONS = (
					"DEBUG=1",
					"$(inherited)",
				);
				GCC_WARN_64_TO_32_BIT_CONVERSION = YES;
				GCC_WARN_ABOUT_RETURN_TYPE = YES_ERROR;
				GCC_WARN_UNDECLARED_SELECTOR = YES;
				GCC_WARN_UNINITIALIZED_AUTOS = YES_AGGRESSIVE;
				GCC_WARN_UNUSED_FUNCTION = YES;
				GCC_WARN_UNUSED_VARIABLE = YES;
				IPHONEOS_DEPLOYMENT_TARGET = 13.5;
				MTL_ENABLE_DEBUG_INFO = INCLUDE_SOURCE;
				MTL_FAST_MATH = YES;
				ONLY_ACTIVE_ARCH = YES;
				SDKROOT = iphoneos;
				SWIFT_ACTIVE_COMPILATION_CONDITIONS = DEBUG;
				SWIFT_OPTIMIZATION_LEVEL = "-Onone";
			};
			name = Debug;
		};
		3CB773F22482093800FD0C6D /* Release */ = {
			isa = XCBuildConfiguration;
			buildSettings = {
				ALWAYS_SEARCH_USER_PATHS = NO;
				CLANG_ANALYZER_NONNULL = YES;
				CLANG_ANALYZER_NUMBER_OBJECT_CONVERSION = YES_AGGRESSIVE;
				CLANG_CXX_LANGUAGE_STANDARD = "gnu++14";
				CLANG_CXX_LIBRARY = "libc++";
				CLANG_ENABLE_MODULES = YES;
				CLANG_ENABLE_OBJC_ARC = YES;
				CLANG_ENABLE_OBJC_WEAK = YES;
				CLANG_WARN_BLOCK_CAPTURE_AUTORELEASING = YES;
				CLANG_WARN_BOOL_CONVERSION = YES;
				CLANG_WARN_COMMA = YES;
				CLANG_WARN_CONSTANT_CONVERSION = YES;
				CLANG_WARN_DEPRECATED_OBJC_IMPLEMENTATIONS = YES;
				CLANG_WARN_DIRECT_OBJC_ISA_USAGE = YES_ERROR;
				CLANG_WARN_DOCUMENTATION_COMMENTS = YES;
				CLANG_WARN_EMPTY_BODY = YES;
				CLANG_WARN_ENUM_CONVERSION = YES;
				CLANG_WARN_INFINITE_RECURSION = YES;
				CLANG_WARN_INT_CONVERSION = YES;
				CLANG_WARN_NON_LITERAL_NULL_CONVERSION = YES;
				CLANG_WARN_OBJC_IMPLICIT_RETAIN_SELF = YES;
				CLANG_WARN_OBJC_LITERAL_CONVERSION = YES;
				CLANG_WARN_OBJC_ROOT_CLASS = YES_ERROR;
				CLANG_WARN_RANGE_LOOP_ANALYSIS = YES;
				CLANG_WARN_STRICT_PROTOTYPES = YES;
				CLANG_WARN_SUSPICIOUS_MOVE = YES;
				CLANG_WARN_UNGUARDED_AVAILABILITY = YES_AGGRESSIVE;
				CLANG_WARN_UNREACHABLE_CODE = YES;
				CLANG_WARN__DUPLICATE_METHOD_MATCH = YES;
				COPY_PHASE_STRIP = NO;
				DEBUG_INFORMATION_FORMAT = "dwarf-with-dsym";
				ENABLE_NS_ASSERTIONS = NO;
				ENABLE_STRICT_OBJC_MSGSEND = YES;
				GCC_C_LANGUAGE_STANDARD = gnu11;
				GCC_NO_COMMON_BLOCKS = YES;
				GCC_WARN_64_TO_32_BIT_CONVERSION = YES;
				GCC_WARN_ABOUT_RETURN_TYPE = YES_ERROR;
				GCC_WARN_UNDECLARED_SELECTOR = YES;
				GCC_WARN_UNINITIALIZED_AUTOS = YES_AGGRESSIVE;
				GCC_WARN_UNUSED_FUNCTION = YES;
				GCC_WARN_UNUSED_VARIABLE = YES;
				IPHONEOS_DEPLOYMENT_TARGET = 13.5;
				MTL_ENABLE_DEBUG_INFO = NO;
				MTL_FAST_MATH = YES;
				SDKROOT = iphoneos;
				SWIFT_COMPILATION_MODE = wholemodule;
				SWIFT_OPTIMIZATION_LEVEL = "-O";
				VALIDATE_PRODUCT = YES;
			};
			name = Release;
		};
		3CB773F42482093800FD0C6D /* Debug */ = {
			isa = XCBuildConfiguration;
			buildSettings = {
				ASSETCATALOG_COMPILER_APPICON_NAME = AppIcon;
				CODE_SIGN_STYLE = Automatic;
				DEVELOPMENT_TEAM = TALZCBLGVT;
				INFOPLIST_FILE = "To-Do-List/Info.plist";
				LD_RUNPATH_SEARCH_PATHS = (
					"$(inherited)",
					"@executable_path/Frameworks",
				);
				PRODUCT_BUNDLE_IDENTIFIER = "com.magnumium.To-Do-List";
				PRODUCT_NAME = "$(TARGET_NAME)";
				SWIFT_VERSION = 5.0;
				TARGETED_DEVICE_FAMILY = "1,2";
			};
			name = Debug;
		};
		3CB773F52482093800FD0C6D /* Release */ = {
			isa = XCBuildConfiguration;
			buildSettings = {
				ASSETCATALOG_COMPILER_APPICON_NAME = AppIcon;
				CODE_SIGN_STYLE = Automatic;
				DEVELOPMENT_TEAM = TALZCBLGVT;
				INFOPLIST_FILE = "To-Do-List/Info.plist";
				LD_RUNPATH_SEARCH_PATHS = (
					"$(inherited)",
					"@executable_path/Frameworks",
				);
				PRODUCT_BUNDLE_IDENTIFIER = "com.magnumium.To-Do-List";
				PRODUCT_NAME = "$(TARGET_NAME)";
				SWIFT_VERSION = 5.0;
				TARGETED_DEVICE_FAMILY = "1,2";
			};
			name = Release;
		};
/* End XCBuildConfiguration section */

/* Begin XCConfigurationList section */
		3CB773D72482092C00FD0C6D /* Build configuration list for PBXProject "To-Do-List" */ = {
			isa = XCConfigurationList;
			buildConfigurations = (
				3CB773F12482093800FD0C6D /* Debug */,
				3CB773F22482093800FD0C6D /* Release */,
			);
			defaultConfigurationIsVisible = 0;
			defaultConfigurationName = Release;
		};
		3CB773F32482093800FD0C6D /* Build configuration list for PBXNativeTarget "To-Do-List" */ = {
			isa = XCConfigurationList;
			buildConfigurations = (
				3CB773F42482093800FD0C6D /* Debug */,
				3CB773F52482093800FD0C6D /* Release */,
			);
			defaultConfigurationIsVisible = 0;
			defaultConfigurationName = Release;
		};
/* End XCConfigurationList section */

/* Begin XCVersionGroup section */
		3CB773E82482092C00FD0C6D /* To_Do_List.xcdatamodeld */ = {
			isa = XCVersionGroup;
			children = (
				3CB773E92482092C00FD0C6D /* To_Do_List.xcdatamodel */,
			);
			currentVersion = 3CB773E92482092C00FD0C6D /* To_Do_List.xcdatamodel */;
			path = To_Do_List.xcdatamodeld;
			sourceTree = "<group>";
			versionGroupType = wrapper.xcdatamodel;
		};
/* End XCVersionGroup section */
	};
	rootObject = 3CB773D42482092C00FD0C6D /* Project object */;
}
